// !$*UTF8*$!
{archiveVersion = 1; classes = {}; objectVersion = 56; objects = {
CB8808424EC8DDC0100B8D70 = {isa = PBXFileReference; lastKnownFileType = sourcecode.swift; path = "NearFM/App/AppModel.swift"; sourceTree = "<group>"; };
D43C2E218A1F813428C63606 = {isa = PBXBuildFile; fileRef = CB8808424EC8DDC0100B8D70; };
DD0F13A832EA2221BD6A7775 = {isa = PBXFileReference; lastKnownFileType = sourcecode.swift; path = "NearFM/App/NearFMApp.swift"; sourceTree = "<group>"; };
2D49916EDF154C48D3ED2F35 = {isa = PBXBuildFile; fileRef = DD0F13A832EA2221BD6A7775; };
3B9F6F2F2F1FCE68D672554D = {isa = PBXFileReference; lastKnownFileType = sourcecode.swift; path = "NearFM/Playback/AudioPlayer.swift"; sourceTree = "<group>"; };
59FD755DFCFA2B91E2B29FA9 = {isa = PBXBuildFile; fileRef = 3B9F6F2F2F1FCE68D672554D; };
5ADBB5B12621BA1ADEC8896D = {isa = PBXFileReference; lastKnownFileType = text.xml; path = "NearFM/Resources/PrivacyInfo.xcprivacy"; sourceTree = "<group>"; };
3DFD6B90FD1811F6EEB0DAF2 = {isa = PBXBuildFile; fileRef = 5ADBB5B12621BA1ADEC8896D; };
E32124FAEFD3F102045B1B83 = {isa = PBXFileReference; lastKnownFileType = audio.wav; path = "NearFM/Resources/demo.wav"; sourceTree = "<group>"; };
547F202EBFD3646D5A344759 = {isa = PBXBuildFile; fileRef = E32124FAEFD3F102045B1B83; };
2C6C79E33C3E3CF32E9702F3 = {isa = PBXFileReference; lastKnownFileType = sourcecode.swift; path = "NearFM/Services/Authentication.swift"; sourceTree = "<group>"; };
EE9C721D58B323D388A34A39 = {isa = PBXBuildFile; fileRef = 2C6C79E33C3E3CF32E9702F3; };
684A84B9FD9FDBF5F50602C1 = {isa = PBXFileReference; lastKnownFileType = sourcecode.swift; path = "NearFM/Services/MobileAPI.swift"; sourceTree = "<group>"; };
2DFEA8088A2EA238E5A6BF89 = {isa = PBXBuildFile; fileRef = 684A84B9FD9FDBF5F50602C1; };
5F5B577349FFB594333702F2 = {isa = PBXFileReference; lastKnownFileType = sourcecode.swift; path = "NearFM/Services/PublicCatalog.swift"; sourceTree = "<group>"; };
B76EB2C89951CE08E581F545 = {isa = PBXBuildFile; fileRef = 5F5B577349FFB594333702F2; };
AD4A7C346CE0AE9692C4714B = {isa = PBXFileReference; lastKnownFileType = sourcecode.swift; path = "NearFM/Services/WalletIdentity.swift"; sourceTree = "<group>"; };
468D2FA1198222A64D750785 = {isa = PBXBuildFile; fileRef = AD4A7C346CE0AE9692C4714B; };
F07495A11783E10C9683CD53 = {isa = PBXFileReference; lastKnownFileType = sourcecode.swift; path = "NearFM/Views/ContentView.swift"; sourceTree = "<group>"; };
5F89CF33913234E0F62BCFD3 = {isa = PBXBuildFile; fileRef = F07495A11783E10C9683CD53; };
FF0AFBFB54B5D05252DBEF5E = {isa = PBXFileReference; lastKnownFileType = sourcecode.swift; path = "NearFM/Views/PlayerView.swift"; sourceTree = "<group>"; };
8B211DFF24977ADA96679917 = {isa = PBXBuildFile; fileRef = FF0AFBFB54B5D05252DBEF5E; };
CAC8241424EB814944BEF3DA = {isa = PBXFileReference; lastKnownFileType = sourcecode.swift; path = "NearFM/Views/SettingsView.swift"; sourceTree = "<group>"; };
0A727CEC38C2F8360A6A63EA = {isa = PBXBuildFile; fileRef = CAC8241424EB814944BEF3DA; };
8BF729FFE074CAEE622C0292 = {isa = PBXFileReference; lastKnownFileType = folder.assetcatalog; path = NearFM/Resources/Assets.xcassets; sourceTree = "<group>"; };
5522B3B3B2EACC1C8F9BEAAC = {isa = PBXBuildFile; fileRef = 8BF729FFE074CAEE622C0292; };
A8792157CB4F27FB949C035F = {isa = PBXFileReference; explicitFileType = wrapper.application; path = DachaFM.app; sourceTree = BUILT_PRODUCTS_DIR; };
0A3E27B8CA818264D75C8D81 = {isa = PBXGroup; children = (A8792157CB4F27FB949C035F, 6BA62E3CF61E8FF4BB115ED8,); name = Products; sourceTree = "<group>"; };
19F479106CE8C3BA8C106518 = {isa = PBXGroup; children = (CB8808424EC8DDC0100B8D70, DD0F13A832EA2221BD6A7775, 3B9F6F2F2F1FCE68D672554D, 5ADBB5B12621BA1ADEC8896D, E32124FAEFD3F102045B1B83, 2C6C79E33C3E3CF32E9702F3, 684A84B9FD9FDBF5F50602C1, 5F5B577349FFB594333702F2, AD4A7C346CE0AE9692C4714B, F07495A11783E10C9683CD53, FF0AFBFB54B5D05252DBEF5E, CAC8241424EB814944BEF3DA, 8BF729FFE074CAEE622C0292, 83017580A16F5D627914990E, 0A3E27B8CA818264D75C8D81,); sourceTree = "<group>"; };
BC4A71180870F7945155FBB0 = {isa = XCLocalSwiftPackageReference; relativePath = Packages/NearFMCore; };
ED3DC570B697046E1D6DC405 = {isa = XCSwiftPackageProductDependency; package = BC4A71180870F7945155FBB0; productName = NearFMCore; };
BBE189F87790362F4781096F = {isa = PBXBuildFile; productRef = ED3DC570B697046E1D6DC405; };
878A52FC5FF6A57D50B7B870 = {isa = PBXSourcesBuildPhase; buildActionMask = 2147483647; files = (D43C2E218A1F813428C63606, 2D49916EDF154C48D3ED2F35, 59FD755DFCFA2B91E2B29FA9, EE9C721D58B323D388A34A39, 2DFEA8088A2EA238E5A6BF89, B76EB2C89951CE08E581F545, 468D2FA1198222A64D750785, 5F89CF33913234E0F62BCFD3, 8B211DFF24977ADA96679917, 0A727CEC38C2F8360A6A63EA,); runOnlyForDeploymentPostprocessing = 0; };
41D311A605520FC7B8B9A980 = {isa = PBXResourcesBuildPhase; buildActionMask = 2147483647; files = (3DFD6B90FD1811F6EEB0DAF2, 547F202EBFD3646D5A344759, 5522B3B3B2EACC1C8F9BEAAC,); runOnlyForDeploymentPostprocessing = 0; };
E2AA269EB967A8853A258BFA = {isa = PBXFrameworksBuildPhase; buildActionMask = 2147483647; files = (BBE189F87790362F4781096F,); runOnlyForDeploymentPostprocessing = 0; };
488864B3D19480A82F7F1786 = {isa = XCBuildConfiguration; name = Debug; buildSettings = {CLANG_ENABLE_MODULES = "YES"; CLANG_ENABLE_OBJC_ARC = "YES"; SDKROOT = "iphoneos"; IPHONEOS_DEPLOYMENT_TARGET = "17.0"; SWIFT_VERSION = "5.0"; SWIFT_OPTIMIZATION_LEVEL = "-Onone"; SWIFT_ACTIVE_COMPILATION_CONDITIONS = "DEBUG $(inherited)"; DEBUG_INFORMATION_FORMAT = "dwarf"; ENABLE_TESTABILITY = "YES"; ONLY_ACTIVE_ARCH = "YES"; }; };
12E8090DEFD108354C820616 = {isa = PBXFileReference; lastKnownFileType = text.xcconfig; path = Config/Debug.xcconfig; sourceTree = "<group>"; };
952548237D7F645F11D1E7B6 = {isa = XCBuildConfiguration; name = Debug; baseConfigurationReference = 12E8090DEFD108354C820616; buildSettings = {PRODUCT_NAME = "DachaFM"; PRODUCT_BUNDLE_IDENTIFIER = "com.whendacha.dachafm"; INFOPLIST_FILE = "NearFM/Info.plist"; GENERATE_INFOPLIST_FILE = "NO"; CODE_SIGN_ENTITLEMENTS = "NearFM/NearFM.entitlements"; CODE_SIGN_STYLE = "Automatic"; CURRENT_PROJECT_VERSION = "5"; MARKETING_VERSION = "1.0.0"; ASSETCATALOG_COMPILER_APPICON_NAME = "AppIcon"; ASSETCATALOG_COMPILER_GLOBAL_ACCENT_COLOR_NAME = "AccentColor"; TARGETED_DEVICE_FAMILY = "1"; SUPPORTED_PLATFORMS = "iphoneos iphonesimulator"; SUPPORTS_MACCATALYST = "NO"; SUPPORTS_MAC_DESIGNED_FOR_IPHONE_IPAD = "NO"; LD_RUNPATH_SEARCH_PATHS = "$(inherited) @executable_path/Frameworks"; SWIFT_EMIT_LOC_STRINGS = "YES"; }; };
35B1014F135DE9B45529B733 = {isa = XCBuildConfiguration; name = Release; buildSettings = {CLANG_ENABLE_MODULES = "YES"; CLANG_ENABLE_OBJC_ARC = "YES"; SDKROOT = "iphoneos"; IPHONEOS_DEPLOYMENT_TARGET = "17.0"; SWIFT_VERSION = "5.0"; SWIFT_OPTIMIZATION_LEVEL = "-O"; SWIFT_ACTIVE_COMPILATION_CONDITIONS = "$(inherited)"; DEBUG_INFORMATION_FORMAT = "dwarf-with-dsym"; ENABLE_TESTABILITY = "NO"; ONLY_ACTIVE_ARCH = "NO"; }; };
534997669BF736E27ED0191E = {isa = PBXFileReference; lastKnownFileType = text.xcconfig; path = Config/Release.xcconfig; sourceTree = "<group>"; };
E2D3A31BEAA1368FC62DA77A = {isa = XCBuildConfiguration; name = Release; baseConfigurationReference = 534997669BF736E27ED0191E; buildSettings = {PRODUCT_NAME = "DachaFM"; PRODUCT_BUNDLE_IDENTIFIER = "com.whendacha.dachafm"; INFOPLIST_FILE = "NearFM/Info.plist"; GENERATE_INFOPLIST_FILE = "NO"; CODE_SIGN_ENTITLEMENTS = "NearFM/NearFM.entitlements"; CODE_SIGN_STYLE = "Automatic"; CURRENT_PROJECT_VERSION = "5"; MARKETING_VERSION = "1.0.0"; ASSETCATALOG_COMPILER_APPICON_NAME = "AppIcon"; ASSETCATALOG_COMPILER_GLOBAL_ACCENT_COLOR_NAME = "AccentColor"; TARGETED_DEVICE_FAMILY = "1"; SUPPORTED_PLATFORMS = "iphoneos iphonesimulator"; SUPPORTS_MACCATALYST = "NO"; SUPPORTS_MAC_DESIGNED_FOR_IPHONE_IPAD = "NO"; LD_RUNPATH_SEARCH_PATHS = "$(inherited) @executable_path/Frameworks"; SWIFT_EMIT_LOC_STRINGS = "YES"; }; };
B4E10CAA9C5E22150B71559C = {isa = XCConfigurationList; buildConfigurations = (488864B3D19480A82F7F1786, 35B1014F135DE9B45529B733,); defaultConfigurationIsVisible = 0; defaultConfigurationName = Release; };
4A807E8A027297B0B93701FB = {isa = XCConfigurationList; buildConfigurations = (952548237D7F645F11D1E7B6, E2D3A31BEAA1368FC62DA77A,); defaultConfigurationIsVisible = 0; defaultConfigurationName = Release; };
34A04005BCAF206EEC990BD9 = {isa = PBXNativeTarget; buildConfigurationList = 4A807E8A027297B0B93701FB; buildPhases = (878A52FC5FF6A57D50B7B870, E2AA269EB967A8853A258BFA, 41D311A605520FC7B8B9A980,); buildRules = (); dependencies = (); name = NearFM; packageProductDependencies = (ED3DC570B697046E1D6DC405,); productName = DachaFM; productReference = A8792157CB4F27FB949C035F; productType = "com.apple.product-type.application"; };
83017580A16F5D627914990E = {isa = PBXFileReference; lastKnownFileType = sourcecode.swift; path = NearFMUITests/ListenerUITests.swift; sourceTree = "<group>"; };
237670DA0130B45C6D854744 = {isa = PBXBuildFile; fileRef = 83017580A16F5D627914990E; };
47CE69D432E04CB4FA8A7324 = {isa = PBXSourcesBuildPhase; buildActionMask = 2147483647; files = (237670DA0130B45C6D854744,); runOnlyForDeploymentPostprocessing = 0; };
6BA62E3CF61E8FF4BB115ED8 = {isa = PBXFileReference; explicitFileType = wrapper.cfbundle; path = NearFMUITests.xctest; sourceTree = BUILT_PRODUCTS_DIR; };
E2C4D229702000BDAF6BBAF2 = {isa = XCBuildConfiguration; name = Debug; buildSettings = {PRODUCT_NAME = "NearFMUITests"; PRODUCT_BUNDLE_IDENTIFIER = "com.whendacha.dachafm.uitests"; GENERATE_INFOPLIST_FILE = "YES"; TEST_TARGET_NAME = "NearFM"; SWIFT_VERSION = "5.0"; IPHONEOS_DEPLOYMENT_TARGET = "17.0"; TARGETED_DEVICE_FAMILY = "1"; CODE_SIGN_STYLE = "Automatic"; LD_RUNPATH_SEARCH_PATHS = "$(inherited) @executable_path/Frameworks @loader_path/Frameworks"; }; };
3111D7E03C97594738FBE7C2 = {isa = XCBuildConfiguration; name = Release; buildSettings = {PRODUCT_NAME = "NearFMUITests"; PRODUCT_BUNDLE_IDENTIFIER = "com.whendacha.dachafm.uitests"; GENERATE_INFOPLIST_FILE = "YES"; TEST_TARGET_NAME = "NearFM"; SWIFT_VERSION = "5.0"; IPHONEOS_DEPLOYMENT_TARGET = "17.0"; TARGETED_DEVICE_FAMILY = "1"; CODE_SIGN_STYLE = "Automatic"; LD_RUNPATH_SEARCH_PATHS = "$(inherited) @executable_path/Frameworks @loader_path/Frameworks"; }; };
6B7076E0B960C0C0DB91C1B9 = {isa = XCConfigurationList; buildConfigurations = (E2C4D229702000BDAF6BBAF2, 3111D7E03C97594738FBE7C2,); defaultConfigurationIsVisible = 0; defaultConfigurationName = Release; };
E93CD1B61BE68731C44F3E18 = {isa = PBXTargetDependency; target = 34A04005BCAF206EEC990BD9; };
7DFF4159D29BE2155F6C34B5 = {isa = PBXNativeTarget; buildConfigurationList = 6B7076E0B960C0C0DB91C1B9; buildPhases = (47CE69D432E04CB4FA8A7324,); buildRules = (); dependencies = (E93CD1B61BE68731C44F3E18,); name = NearFMUITests; productName = NearFMUITests; productReference = 6BA62E3CF61E8FF4BB115ED8; productType = "com.apple.product-type.bundle.ui-testing"; };
244210E48437B6556980A702 = {isa = PBXProject; attributes = {BuildIndependentTargetsInParallel = YES; LastUpgradeCheck = 2600; TargetAttributes = {34A04005BCAF206EEC990BD9 = {CreatedOnToolsVersion = 26.0; }; 7DFF4159D29BE2155F6C34B5 = {CreatedOnToolsVersion = 26.0; TestTargetID = 34A04005BCAF206EEC990BD9; }; }; }; buildConfigurationList = B4E10CAA9C5E22150B71559C; compatibilityVersion = "Xcode 14.0"; developmentRegion = en; hasScannedForEncodings = 0; knownRegions = (en, Base); mainGroup = 19F479106CE8C3BA8C106518; packageReferences = (BC4A71180870F7945155FBB0,); productRefGroup = 0A3E27B8CA818264D75C8D81; projectDirPath = ""; projectRoot = ""; targets = (34A04005BCAF206EEC990BD9, 7DFF4159D29BE2155F6C34B5,); };
}; rootObject = 244210E48437B6556980A702; }
